
Microsoft Visual Studio Solution File, Format Version 12.00
# Visual Studio 15
VisualStudioVersion = 15.0.28010.2026
MinimumVisualStudioVersion = 10.0.40219.1
Project("{FAE04EC0-301F-11D3-BF4B-00C04F79EFBC}") = "PointerAndRef", "PointerAndRef\PointerAndRef.csproj", "{FC60A497-F611-4D1C-80B0-B5CD9CCA9485}"
EndProject
Global
	GlobalSection(SolutionConfigurationPlatforms) = preSolution
		Debug|Any CPU = Debug|Any CPU
		Release|Any CPU = Release|Any CPU
	EndGlobalSection
	GlobalSection(ProjectConfigurationPlatforms) = postSolution
		{FC60A497-F611-4D1C-80B0-B5CD9CCA9485}.Debug|Any CPU.ActiveCfg = Debug|Any CPU
		{FC60A497-F611-4D1C-80B0-B5CD9CCA9485}.Debug|Any CPU.Build.0 = Debug|Any CPU
		{FC60A497-F611-4D1C-80B0-B5CD9CCA9485}.Release|Any CPU.ActiveCfg = Release|Any CPU
		{FC60A497-F611-4D1C-80B0-B5CD9CCA9485}.Release|Any CPU.Build.0 = Release|Any CPU
	EndGlobalSection
	GlobalSection(SolutionProperties) = preSolution
		HideSolutionNode = FALSE
	EndGlobalSection
	GlobalSection(ExtensibilityGlobals) = postSolution
		SolutionGuid = {8F3A9318-5FC2-43AA-9F19-ED76B663C652}
	EndGlobalSection
EndGlobal
